
Microsoft Visual Studio Solution File, Format Version 12.00
# Visual Studio Version 17
VisualStudioVersion = 17.11.35312.102
MinimumVisualStudioVersion = 10.0.40219.1
Project("{FAE04EC0-301F-11D3-BF4B-00C04F79EFBC}") = "WinFormsApp1", "WinFormsApp1\WinFormsApp1.csproj", "{78304E5B-0344-452D-B4E5-F5C89A96BE7C}"
EndProject
Global
	GlobalSection(SolutionConfigurationPlatforms) = preSolution
		Debug|Any CPU = Debug|Any CPU
		Release|Any CPU = Release|Any CPU
	EndGlobalSection
	GlobalSection(ProjectConfigurationPlatforms) = postSolution
		{78304E5B-0344-452D-B4E5-F5C89A96BE7C}.Debug|Any CPU.ActiveCfg = Debug|Any CPU
		{78304E5B-0344-452D-B4E5-F5C89A96BE7C}.Debug|Any CPU.Build.0 = Debug|Any CPU
		{78304E5B-0344-452D-B4E5-F5C89A96BE7C}.Release|Any CPU.ActiveCfg = Release|Any CPU
		{78304E5B-0344-452D-B4E5-F5C89A96BE7C}.Release|Any CPU.Build.0 = Release|Any CPU
	EndGlobalSection
	GlobalSection(SolutionProperties) = preSolution
		HideSolutionNode = FALSE
	EndGlobalSection
	GlobalSection(ExtensibilityGlobals) = postSolution
		SolutionGuid = {4F12603C-3D35-4CAA-B26D-298FAD7C3C4E}
	EndGlobalSection
EndGlobal
